
Microsoft Visual Studio Solution File, Format Version 12.00
# Visual Studio Version 17
VisualStudioVersion = 17.6.33829.357
MinimumVisualStudioVersion = 10.0.40219.1
Project("{9A19103F-16F7-4668-BE54-9A1E7A4F7556}") = "BlazorApp3", "BlazorApp3\BlazorApp3.csproj", "{0E37B5CD-B259-4A24-92BB-C888A49F00D1}"
EndProject
Project("{9A19103F-16F7-4668-BE54-9A1E7A4F7556}") = "DataAccess", "DataAccess\DataAccess.csproj", "{2B67FFBD-BBE1-48A2-9A87-2109D21B53C0}"
EndProject
Global
	GlobalSection(SolutionConfigurationPlatforms) = preSolution
		Debug|Any CPU = Debug|Any CPU
		Release|Any CPU = Release|Any CPU
	EndGlobalSection
	GlobalSection(ProjectConfigurationPlatforms) = postSolution
		{0E37B5CD-B259-4A24-92BB-C888A49F00D1}.Debug|Any CPU.ActiveCfg = Debug|Any CPU
		{0E37B5CD-B259-4A24-92BB-C888A49F00D1}.Debug|Any CPU.Build.0 = Debug|Any CPU
		{0E37B5CD-B259-4A24-92BB-C888A49F00D1}.Release|Any CPU.ActiveCfg = Release|Any CPU
		{0E37B5CD-B259-4A24-92BB-C888A49F00D1}.Release|Any CPU.Build.0 = Release|Any CPU
		{2B67FFBD-BBE1-48A2-9A87-2109D21B53C0}.Debug|Any CPU.ActiveCfg = Debug|Any CPU
		{2B67FFBD-BBE1-48A2-9A87-2109D21B53C0}.Debug|Any CPU.Build.0 = Debug|Any CPU
		{2B67FFBD-BBE1-48A2-9A87-2109D21B53C0}.Release|Any CPU.ActiveCfg = Release|Any CPU
		{2B67FFBD-BBE1-48A2-9A87-2109D21B53C0}.Release|Any CPU.Build.0 = Release|Any CPU
	EndGlobalSection
	GlobalSection(SolutionProperties) = preSolution
		HideSolutionNode = FALSE
	EndGlobalSection
	GlobalSection(ExtensibilityGlobals) = postSolution
		SolutionGuid = {1DEED32C-7486-4EE0-A314-020A0E0BACF9}
	EndGlobalSection
EndGlobal
